
Microsoft Visual Studio Solution File, Format Version 12.00
# Visual Studio Version 17
VisualStudioVersion = 17.14.36127.28 d17.14
MinimumVisualStudioVersion = 10.0.40219.1
Project("{8BC9CEB8-8B4A-11D0-8D11-00A0C91BC942}") = "Task#1. Orderbook", "Task#1. Orderbook\Task#1. Orderbook.vcxproj", "{23FACDA4-8332-483F-B26A-6262B7533713}"
EndProject
Global
	GlobalSection(SolutionConfigurationPlatforms) = preSolution
		Debug|x64 = Debug|x64
		Debug|x86 = Debug|x86
		Release|x64 = Release|x64
		Release|x86 = Release|x86
	EndGlobalSection
	GlobalSection(ProjectConfigurationPlatforms) = postSolution
		{23FACDA4-8332-483F-B26A-6262B7533713}.Debug|x64.ActiveCfg = Debug|x64
		{23FACDA4-8332-483F-B26A-6262B7533713}.Debug|x64.Build.0 = Debug|x64
		{23FACDA4-8332-483F-B26A-6262B7533713}.Debug|x86.ActiveCfg = Debug|Win32
		{23FACDA4-8332-483F-B26A-6262B7533713}.Debug|x86.Build.0 = Debug|Win32
		{23FACDA4-8332-483F-B26A-6262B7533713}.Release|x64.ActiveCfg = Release|x64
		{23FACDA4-8332-483F-B26A-6262B7533713}.Release|x64.Build.0 = Release|x64
		{23FACDA4-8332-483F-B26A-6262B7533713}.Release|x86.ActiveCfg = Release|Win32
		{23FACDA4-8332-483F-B26A-6262B7533713}.Release|x86.Build.0 = Release|Win32
	EndGlobalSection
	GlobalSection(SolutionProperties) = preSolution
		HideSolutionNode = FALSE
	EndGlobalSection
	GlobalSection(ExtensibilityGlobals) = postSolution
		SolutionGuid = {E0B259B7-471B-4310-8A68-33DC8C5429CA}
	EndGlobalSection
EndGlobal
